// !$*UTF8*$!
{
	archiveVersion = 1;
	classes = {
	};
	objectVersion = 55;
	objects = {

/* Begin PBXBuildFile section */
		602EF1A027D6CD8400CD4677 /* TaskManagerApp.swift in Sources */ = {isa = PBXBuildFile; fileRef = 602EF19F27D6CD8400CD4677 /* TaskManagerApp.swift */; };
		602EF1A227D6CD8400CD4677 /* ContentView.swift in Sources */ = {isa = PBXBuildFile; fileRef = 602EF1A127D6CD8400CD4677 /* ContentView.swift */; };
		602EF1A427D6CD8D00CD4677 /* Assets.xcassets in Resources */ = {isa = PBXBuildFile; fileRef = 602EF1A327D6CD8D00CD4677 /* Assets.xcassets */; };
		602EF1A727D6CD8D00CD4677 /* Preview Assets.xcassets in Resources */ = {isa = PBXBuildFile; fileRef = 602EF1A627D6CD8D00CD4677 /* Preview Assets.xcassets */; };
		602EF1A927D6CD8D00CD4677 /* Persistence.swift in Sources */ = {isa = PBXBuildFile; fileRef = 602EF1A827D6CD8D00CD4677 /* Persistence.swift */; };
		602EF1AC27D6CD8D00CD4677 /* TaskManager.xcdatamodeld in Sources */ = {isa = PBXBuildFile; fileRef = 602EF1AA27D6CD8D00CD4677 /* TaskManager.xcdatamodeld */; };
		602EF1B627D6CD8D00CD4677 /* TaskManagerTests.swift in Sources */ = {isa = PBXBuildFile; fileRef = 602EF1B527D6CD8D00CD4677 /* TaskManagerTests.swift */; };
		602EF1C027D6CD8D00CD4677 /* TaskManagerUITests.swift in Sources */ = {isa = PBXBuildFile; fileRef = 602EF1BF27D6CD8D00CD4677 /* TaskManagerUITests.swift */; };
		602EF1C227D6CD8D00CD4677 /* TaskManagerUITestsLaunchTests.swift in Sources */ = {isa = PBXBuildFile; fileRef = 602EF1C127D6CD8D00CD4677 /* TaskManagerUITestsLaunchTests.swift */; };
		602EF1D427D6CFDD00CD4677 /* TaskViewModel.swift in Sources */ = {isa = PBXBuildFile; fileRef = 602EF1D327D6CFDD00CD4677 /* TaskViewModel.swift */; };
		602EF1D627D6D06D00CD4677 /* HomeView.swift in Sources */ = {isa = PBXBuildFile; fileRef = 602EF1D527D6D06D00CD4677 /* HomeView.swift */; };
		602EF1D927D6D53C00CD4677 /* View+Extension.swift in Sources */ = {isa = PBXBuildFile; fileRef = 602EF1D827D6D53C00CD4677 /* View+Extension.swift */; };
		602EF1DB27DAD3BA00CD4677 /* DynamicFilteredView.swift in Sources */ = {isa = PBXBuildFile; fileRef = 602EF1DA27DAD3BA00CD4677 /* DynamicFilteredView.swift */; };
		602EF1DD27DBAA0700CD4677 /* NewTaskView.swift in Sources */ = {isa = PBXBuildFile; fileRef = 602EF1DC27DBAA0700CD4677 /* NewTaskView.swift */; };
/* End PBXBuildFile section */

/* Begin PBXContainerItemProxy section */
		602EF1B227D6CD8D00CD4677 /* PBXContainerItemProxy */ = {
			isa = PBXContainerItemProxy;
			containerPortal = 602EF19427D6CD8400CD4677 /* Project object */;
			proxyType = 1;
			remoteGlobalIDString = 602EF19B27D6CD8400CD4677;
			remoteInfo = TaskManager;
		};
		602EF1BC27D6CD8D00CD4677 /* PBXContainerItemProxy */ = {
			isa = PBXContainerItemProxy;
			containerPortal = 602EF19427D6CD8400CD4677 /* Project object */;
			proxyType = 1;
			remoteGlobalIDString = 602EF19B27D6CD8400CD4677;
			remoteInfo = TaskManager;
		};
/* End PBXContainerItemProxy section */

/* Begin PBXFileReference section */
		602EF19C27D6CD8400CD4677 /* TaskManager.app */ = {isa = PBXFileReference; explicitFileType = wrapper.application; includeInIndex = 0; path = TaskManager.app; sourceTree = BUILT_PRODUCTS_DIR; };
		602EF19F27D6CD8400CD4677 /* TaskManagerApp.swift */ = {isa = PBXFileReference; lastKnownFileType = sourcecode.swift; path = TaskManagerApp.swift; sourceTree = "<group>"; };
		602EF1A127D6CD8400CD4677 /* ContentView.swift */ = {isa = PBXFileReference; lastKnownFileType = sourcecode.swift; path = ContentView.swift; sourceTree = "<group>"; };
		602EF1A327D6CD8D00CD4677 /* Assets.xcassets */ = {isa = PBXFileReference; lastKnownFileType = folder.assetcatalog; path = Assets.xcassets; sourceTree = "<group>"; };
		602EF1A627D6CD8D00CD4677 /* Preview Assets.xcassets */ = {isa = PBXFileReference; lastKnownFileType = folder.assetcatalog; path = "Preview Assets.xcassets"; sourceTree = "<group>"; };
		602EF1A827D6CD8D00CD4677 /* Persistence.swift */ = {isa = PBXFileReference; lastKnownFileType = sourcecode.swift; path = Persistence.swift; sourceTree = "<group>"; };
		602EF1AB27D6CD8D00CD4677 /* TaskManager.xcdatamodel */ = {isa = PBXFileReference; lastKnownFileType = wrapper.xcdatamodel; path = TaskManager.xcdatamodel; sourceTree = "<group>"; };
		602EF1B127D6CD8D00CD4677 /* TaskManagerTests.xctest */ = {isa = PBXFileReference; explicitFileType = wrapper.cfbundle; includeInIndex = 0; path = TaskManagerTests.xctest; sourceTree = BUILT_PRODUCTS_DIR; };
		602EF1B527D6CD8D00CD4677 /* TaskManagerTests.swift */ = {isa = PBXFileReference; lastKnownFileType = sourcecode.swift; path = TaskManagerTests.swift; sourceTree = "<group>"; };
		602EF1BB27D6CD8D00CD4677 /* TaskManagerUITests.xctest */ = {isa = PBXFileReference; explicitFileType = wrapper.cfbundle; includeInIndex = 0; path = TaskManagerUITests.xctest; sourceTree = BUILT_PRODUCTS_DIR; };
		602EF1BF27D6CD8D00CD4677 /* TaskManagerUITests.swift */ = {isa = PBXFileReference; lastKnownFileType = sourcecode.swift; path = TaskManagerUITests.swift; sourceTree = "<group>"; };
		602EF1C127D6CD8D00CD4677 /* TaskManagerUITestsLaunchTests.swift */ = {isa = PBXFileReference; lastKnownFileType = sourcecode.swift; path = TaskManagerUITestsLaunchTests.swift; sourceTree = "<group>"; };
		602EF1D327D6CFDD00CD4677 /* TaskViewModel.swift */ = {isa = PBXFileReference; lastKnownFileType = sourcecode.swift; path = TaskViewModel.swift; sourceTree = "<group>"; };
		602EF1D527D6D06D00CD4677 /* HomeView.swift */ = {isa = PBXFileReference; lastKnownFileType = sourcecode.swift; path = HomeView.swift; sourceTree = "<group>"; };
		602EF1D827D6D53C00CD4677 /* View+Extension.swift */ = {isa = PBXFileReference; lastKnownFileType = sourcecode.swift; path = "View+Extension.swift"; sourceTree = "<group>"; };
		602EF1DA27DAD3BA00CD4677 /* DynamicFilteredView.swift */ = {isa = PBXFileReference; lastKnownFileType = sourcecode.swift; path = DynamicFilteredView.swift; sourceTree = "<group>"; };
		602EF1DC27DBAA0700CD4677 /* NewTaskView.swift */ = {isa = PBXFileReference; lastKnownFileType = sourcecode.swift; path = NewTaskView.swift; sourceTree = "<group>"; };
/* End PBXFileReference section */

/* Begin PBXFrameworksBuildPhase section */
		602EF19927D6CD8400CD4677 /* Frameworks */ = {
			isa = PBXFrameworksBuildPhase;
			buildActionMask = 2147483647;
			files = (
			);
			runOnlyForDeploymentPostprocessing = 0;
		};
		602EF1AE27D6CD8D00CD4677 /* Frameworks */ = {
			isa = PBXFrameworksBuildPhase;
			buildActionMask = 2147483647;
			files = (
			);
			runOnlyForDeploymentPostprocessing = 0;
		};
		602EF1B827D6CD8D00CD4677 /* Frameworks */ = {
			isa = PBXFrameworksBuildPhase;
			buildActionMask = 2147483647;
			files = (
			);
			runOnlyForDeploymentPostprocessing = 0;
		};
/* End PBXFrameworksBuildPhase section */

/* Begin PBXGroup section */
		602EF19327D6CD8400CD4677 = {
			isa = PBXGroup;
			children = (
				602EF19E27D6CD8400CD4677 /* TaskManager */,
				602EF1B427D6CD8D00CD4677 /* TaskManagerTests */,
				602EF1BE27D6CD8D00CD4677 /* TaskManagerUITests */,
				602EF19D27D6CD8400CD4677 /* Products */,
			);
			sourceTree = "<group>";
		};
		602EF19D27D6CD8400CD4677 /* Products */ = {
			isa = PBXGroup;
			children = (
				602EF19C27D6CD8400CD4677 /* TaskManager.app */,
				602EF1B127D6CD8D00CD4677 /* TaskManagerTests.xctest */,
				602EF1BB27D6CD8D00CD4677 /* TaskManagerUITests.xctest */,
			);
			name = Products;
			sourceTree = "<group>";
		};
		602EF19E27D6CD8400CD4677 /* TaskManager */ = {
			isa = PBXGroup;
			children = (
				602EF1D727D6D52900CD4677 /* Extensions */,
				602EF1CE27D6CF2000CD4677 /* Views */,
				602EF1D027D6CF2700CD4677 /* ViewModels */,
				602EF1CF27D6CF2300CD4677 /* Models */,
				602EF19F27D6CD8400CD4677 /* TaskManagerApp.swift */,
				602EF1A327D6CD8D00CD4677 /* Assets.xcassets */,
				602EF1A827D6CD8D00CD4677 /* Persistence.swift */,
				602EF1AA27D6CD8D00CD4677 /* TaskManager.xcdatamodeld */,
				602EF1A527D6CD8D00CD4677 /* Preview Content */,
			);
			path = TaskManager;
			sourceTree = "<group>";
		};
		602EF1A527D6CD8D00CD4677 /* Preview Content */ = {
			isa = PBXGroup;
			children = (
				602EF1A627D6CD8D00CD4677 /* Preview Assets.xcassets */,
			);
			path = "Preview Content";
			sourceTree = "<group>";
		};
		602EF1B427D6CD8D00CD4677 /* TaskManagerTests */ = {
			isa = PBXGroup;
			children = (
				602EF1B527D6CD8D00CD4677 /* TaskManagerTests.swift */,
			);
			path = TaskManagerTests;
			sourceTree = "<group>";
		};
		602EF1BE27D6CD8D00CD4677 /* TaskManagerUITests */ = {
			isa = PBXGroup;
			children = (
				602EF1BF27D6CD8D00CD4677 /* TaskManagerUITests.swift */,
				602EF1C127D6CD8D00CD4677 /* TaskManagerUITestsLaunchTests.swift */,
			);
			path = TaskManagerUITests;
			sourceTree = "<group>";
		};
		602EF1CE27D6CF2000CD4677 /* Views */ = {
			isa = PBXGroup;
			children = (
				602EF1A127D6CD8400CD4677 /* ContentView.swift */,
				602EF1D527D6D06D00CD4677 /* HomeView.swift */,
				602EF1DA27DAD3BA00CD4677 /* DynamicFilteredView.swift */,
				602EF1DC27DBAA0700CD4677 /* NewTaskView.swift */,
			);
			path = Views;
			sourceTree = "<group>";
		};
		602EF1CF27D6CF2300CD4677 /* Models */ = {
			isa = PBXGroup;
			children = (
			);
			path = Models;
			sourceTree = "<group>";
		};
		602EF1D027D6CF2700CD4677 /* ViewModels */ = {
			isa = PBXGroup;
			children = (
				602EF1D327D6CFDD00CD4677 /* TaskViewModel.swift */,
			);
			path = ViewModels;
			sourceTree = "<group>";
		};
		602EF1D727D6D52900CD4677 /* Extensions */ = {
			isa = PBXGroup;
			children = (
				602EF1D827D6D53C00CD4677 /* View+Extension.swift */,
			);
			path = Extensions;
			sourceTree = "<group>";
		};
/* End PBXGroup section */

/* Begin PBXNativeTarget section */
		602EF19B27D6CD8400CD4677 /* TaskManager */ = {
			isa = PBXNativeTarget;
			buildConfigurationList = 602EF1C527D6CD8D00CD4677 /* Build configuration list for PBXNativeTarget "TaskManager" */;
			buildPhases = (
				602EF19827D6CD8400CD4677 /* Sources */,
				602EF19927D6CD8400CD4677 /* Frameworks */,
				602EF19A27D6CD8400CD4677 /* Resources */,
			);
			buildRules = (
			);
			dependencies = (
			);
			name = TaskManager;
			productName = TaskManager;
			productReference = 602EF19C27D6CD8400CD4677 /* TaskManager.app */;
			productType = "com.apple.product-type.application";
		};
		602EF1B027D6CD8D00CD4677 /* TaskManagerTests */ = {
			isa = PBXNativeTarget;
			buildConfigurationList = 602EF1C827D6CD8D00CD4677 /* Build configuration list for PBXNativeTarget "TaskManagerTests" */;
			buildPhases = (
				602EF1AD27D6CD8D00CD4677 /* Sources */,
				602EF1AE27D6CD8D00CD4677 /* Frameworks */,
				602EF1AF27D6CD8D00CD4677 /* Resources */,
			);
			buildRules = (
			);
			dependencies = (
				602EF1B327D6CD8D00CD4677 /* PBXTargetDependency */,
			);
			name = TaskManagerTests;
			productName = TaskManagerTests;
			productReference = 602EF1B127D6CD8D00CD4677 /* TaskManagerTests.xctest */;
			productType = "com.apple.product-type.bundle.unit-test";
		};
		602EF1BA27D6CD8D00CD4677 /* TaskManagerUITests */ = {
			isa = PBXNativeTarget;
			buildConfigurationList = 602EF1CB27D6CD8D00CD4677 /* Build configuration list for PBXNativeTarget "TaskManagerUITests" */;
			buildPhases = (
				602EF1B727D6CD8D00CD4677 /* Sources */,
				602EF1B827D6CD8D00CD4677 /* Frameworks */,
				602EF1B927D6CD8D00CD4677 /* Resources */,
			);
			buildRules = (
			);
			dependencies = (
				602EF1BD27D6CD8D00CD4677 /* PBXTargetDependency */,
			);
			name = TaskManagerUITests;
			productName = TaskManagerUITests;
			productReference = 602EF1BB27D6CD8D00CD4677 /* TaskManagerUITests.xctest */;
			productType = "com.apple.product-type.bundle.ui-testing";
		};
/* End PBXNativeTarget section */

/* Begin PBXProject section */
		602EF19427D6CD8400CD4677 /* Project object */ = {
			isa = PBXProject;
			attributes = {
				BuildIndependentTargetsInParallel = 1;
				LastSwiftUpdateCheck = 1320;
				LastUpgradeCheck = 1320;
				TargetAttributes = {
					602EF19B27D6CD8400CD4677 = {
						CreatedOnToolsVersion = 13.2.1;
					};
					602EF1B027D6CD8D00CD4677 = {
						CreatedOnToolsVersion = 13.2.1;
						TestTargetID = 602EF19B27D6CD8400CD4677;
					};
					602EF1BA27D6CD8D00CD4677 = {
						CreatedOnToolsVersion = 13.2.1;
						TestTargetID = 602EF19B27D6CD8400CD4677;
					};
				};
			};
			buildConfigurationList = 602EF19727D6CD8400CD4677 /* Build configuration list for PBXProject "TaskManager" */;
			compatibilityVersion = "Xcode 13.0";
			developmentRegion = en;
			hasScannedForEncodings = 0;
			knownRegions = (
				en,
				Base,
			);
			mainGroup = 602EF19327D6CD8400CD4677;
			productRefGroup = 602EF19D27D6CD8400CD4677 /* Products */;
			projectDirPath = "";
			projectRoot = "";
			targets = (
				602EF19B27D6CD8400CD4677 /* TaskManager */,
				602EF1B027D6CD8D00CD4677 /* TaskManagerTests */,
				602EF1BA27D6CD8D00CD4677 /* TaskManagerUITests */,
			);
		};
/* End PBXProject section */

/* Begin PBXResourcesBuildPhase section */
		602EF19A27D6CD8400CD4677 /* Resources */ = {
			isa = PBXResourcesBuildPhase;
			buildActionMask = 2147483647;
			files = (
				602EF1A727D6CD8D00CD4677 /* Preview Assets.xcassets in Resources */,
				602EF1A427D6CD8D00CD4677 /* Assets.xcassets in Resources */,
			);
			runOnlyForDeploymentPostprocessing = 0;
		};
		602EF1AF27D6CD8D00CD4677 /* Resources */ = {
			isa = PBXResourcesBuildPhase;
			buildActionMask = 2147483647;
			files = (
			);
			runOnlyForDeploymentPostprocessing = 0;
		};
		602EF1B927D6CD8D00CD4677 /* Resources */ = {
			isa = PBXResourcesBuildPhase;
			buildActionMask = 2147483647;
			files = (
			);
			runOnlyForDeploymentPostprocessing = 0;
		};
/* End PBXResourcesBuildPhase section */

/* Begin PBXSourcesBuildPhase section */
		602EF19827D6CD8400CD4677 /* Sources */ = {
			isa = PBXSourcesBuildPhase;
			buildActionMask = 2147483647;
			files = (
				602EF1A927D6CD8D00CD4677 /* Persistence.swift in Sources */,
				602EF1D627D6D06D00CD4677 /* HomeView.swift in Sources */,
				602EF1DD27DBAA0700CD4677 /* NewTaskView.swift in Sources */,
				602EF1D927D6D53C00CD4677 /* View+Extension.swift in Sources */,
				602EF1DB27DAD3BA00CD4677 /* DynamicFilteredView.swift in Sources */,
				602EF1D427D6CFDD00CD4677 /* TaskViewModel.swift in Sources */,
				602EF1A227D6CD8400CD4677 /* ContentView.swift in Sources */,
				602EF1AC27D6CD8D00CD4677 /* TaskManager.xcdatamodeld in Sources */,
				602EF1A027D6CD8400CD4677 /* TaskManagerApp.swift in Sources */,
			);
			runOnlyForDeploymentPostprocessing = 0;
		};
		602EF1AD27D6CD8D00CD4677 /* Sources */ = {
			isa = PBXSourcesBuildPhase;
			buildActionMask = 2147483647;
			files = (
				602EF1B627D6CD8D00CD4677 /* TaskManagerTests.swift in Sources */,
			);
			runOnlyForDeploymentPostprocessing = 0;
		};
		602EF1B727D6CD8D00CD4677 /* Sources */ = {
			isa = PBXSourcesBuildPhase;
			buildActionMask = 2147483647;
			files = (
				602EF1C027D6CD8D00CD4677 /* TaskManagerUITests.swift in Sources */,
				602EF1C227D6CD8D00CD4677 /* TaskManagerUITestsLaunchTests.swift in Sources */,
			);
			runOnlyForDeploymentPostprocessing = 0;
		};
/* End PBXSourcesBuildPhase section */

/* Begin PBXTargetDependency section */
		602EF1B327D6CD8D00CD4677 /* PBXTargetDependency */ = {
			isa = PBXTargetDependency;
			target = 602EF19B27D6CD8400CD4677 /* TaskManager */;
			targetProxy = 602EF1B227D6CD8D00CD4677 /* PBXContainerItemProxy */;
		};
		602EF1BD27D6CD8D00CD4677 /* PBXTargetDependency */ = {
			isa = PBXTargetDependency;
			target = 602EF19B27D6CD8400CD4677 /* TaskManager */;
			targetProxy = 602EF1BC27D6CD8D00CD4677 /* PBXContainerItemProxy */;
		};
/* End PBXTargetDependency section */

/* Begin XCBuildConfiguration section */
		602EF1C327D6CD8D00CD4677 /* Debug */ = {
			isa = XCBuildConfiguration;
			buildSettings = {
				ALWAYS_SEARCH_USER_PATHS = NO;
				CLANG_ANALYZER_NONNULL = YES;
				CLANG_ANALYZER_NUMBER_OBJECT_CONVERSION = YES_AGGRESSIVE;
				CLANG_CXX_LANGUAGE_STANDARD = "gnu++17";
				CLANG_CXX_LIBRARY = "libc++";
				CLANG_ENABLE_MODULES = YES;
				CLANG_ENABLE_OBJC_ARC = YES;
				CLANG_ENABLE_OBJC_WEAK = YES;
				CLANG_WARN_BLOCK_CAPTURE_AUTORELEASING = YES;
				CLANG_WARN_BOOL_CONVERSION = YES;
				CLANG_WARN_COMMA = YES;
				CLANG_WARN_CONSTANT_CONVERSION = YES;
				CLANG_WARN_DEPRECATED_OBJC_IMPLEMENTATIONS = YES;
				CLANG_WARN_DIRECT_OBJC_ISA_USAGE = YES_ERROR;
				CLANG_WARN_DOCUMENTATION_COMMENTS = YES;
				CLANG_WARN_EMPTY_BODY = YES;
				CLANG_WARN_ENUM_CONVERSION = YES;
				CLANG_WARN_INFINITE_RECURSION = YES;
				CLANG_WARN_INT_CONVERSION = YES;
				CLANG_WARN_NON_LITERAL_NULL_CONVERSION = YES;
				CLANG_WARN_OBJC_IMPLICIT_RETAIN_SELF = YES;
				CLANG_WARN_OBJC_LITERAL_CONVERSION = YES;
				CLANG_WARN_OBJC_ROOT_CLASS = YES_ERROR;
				CLANG_WARN_QUOTED_INCLUDE_IN_FRAMEWORK_HEADER = YES;
				CLANG_WARN_RANGE_LOOP_ANALYSIS = YES;
				CLANG_WARN_STRICT_PROTOTYPES = YES;
				CLANG_WARN_SUSPICIOUS_MOVE = YES;
				CLANG_WARN_UNGUARDED_AVAILABILITY = YES_AGGRESSIVE;
				CLANG_WARN_UNREACHABLE_CODE = YES;
				CLANG_WARN__DUPLICATE_METHOD_MATCH = YES;
				COPY_PHASE_STRIP = NO;
				DEBUG_INFORMATION_FORMAT = dwarf;
				ENABLE_STRICT_OBJC_MSGSEND = YES;
				ENABLE_TESTABILITY = YES;
				GCC_C_LANGUAGE_STANDARD = gnu11;
				GCC_DYNAMIC_NO_PIC = NO;
				GCC_NO_COMMON_BLOCKS = YES;
				GCC_OPTIMIZATION_LEVEL = 0;
				GCC_PREPROCESSOR_DEFINITIONS = (
					"DEBUG=1",
					"$(inherited)",
				);
				GCC_WARN_64_TO_32_BIT_CONVERSION = YES;
				GCC_WARN_ABOUT_RETURN_TYPE = YES_ERROR;
				GCC_WARN_UNDECLARED_SELECTOR = YES;
				GCC_WARN_UNINITIALIZED_AUTOS = YES_AGGRESSIVE;
				GCC_WARN_UNUSED_FUNCTION = YES;
				GCC_WARN_UNUSED_VARIABLE = YES;
				IPHONEOS_DEPLOYMENT_TARGET = 15.2;
				MTL_ENABLE_DEBUG_INFO = INCLUDE_SOURCE;
				MTL_FAST_MATH = YES;
				ONLY_ACTIVE_ARCH = YES;
				SDKROOT = iphoneos;
				SWIFT_ACTIVE_COMPILATION_CONDITIONS = DEBUG;
				SWIFT_OPTIMIZATION_LEVEL = "-Onone";
			};
			name = Debug;
		};
		602EF1C427D6CD8D00CD4677 /* Release */ = {
			isa = XCBuildConfiguration;
			buildSettings = {
				ALWAYS_SEARCH_USER_PATHS = NO;
				CLANG_ANALYZER_NONNULL = YES;
				CLANG_ANALYZER_NUMBER_OBJECT_CONVERSION = YES_AGGRESSIVE;
				CLANG_CXX_LANGUAGE_STANDARD = "gnu++17";
				CLANG_CXX_LIBRARY = "libc++";
				CLANG_ENABLE_MODULES = YES;
				CLANG_ENABLE_OBJC_ARC = YES;
				CLANG_ENABLE_OBJC_WEAK = YES;
				CLANG_WARN_BLOCK_CAPTURE_AUTORELEASING = YES;
				CLANG_WARN_BOOL_CONVERSION = YES;
				CLANG_WARN_COMMA = YES;
				CLANG_WARN_CONSTANT_CONVERSION = YES;
				CLANG_WARN_DEPRECATED_OBJC_IMPLEMENTATIONS = YES;
				CLANG_WARN_DIRECT_OBJC_ISA_USAGE = YES_ERROR;
				CLANG_WARN_DOCUMENTATION_COMMENTS = YES;
				CLANG_WARN_EMPTY_BODY = YES;
				CLANG_WARN_ENUM_CONVERSION = YES;
				CLANG_WARN_INFINITE_RECURSION = YES;
				CLANG_WARN_INT_CONVERSION = YES;
				CLANG_WARN_NON_LITERAL_NULL_CONVERSION = YES;
				CLANG_WARN_OBJC_IMPLICIT_RETAIN_SELF = YES;
				CLANG_WARN_OBJC_LITERAL_CONVERSION = YES;
				CLANG_WARN_OBJC_ROOT_CLASS = YES_ERROR;
				CLANG_WARN_QUOTED_INCLUDE_IN_FRAMEWORK_HEADER = YES;
				CLANG_WARN_RANGE_LOOP_ANALYSIS = YES;
				CLANG_WARN_STRICT_PROTOTYPES = YES;
				CLANG_WARN_SUSPICIOUS_MOVE = YES;
				CLANG_WARN_UNGUARDED_AVAILABILITY = YES_AGGRESSIVE;
				CLANG_WARN_UNREACHABLE_CODE = YES;
				CLANG_WARN__DUPLICATE_METHOD_MATCH = YES;
				COPY_PHASE_STRIP = NO;
				DEBUG_INFORMATION_FORMAT = "dwarf-with-dsym";
				ENABLE_NS_ASSERTIONS = NO;
				ENABLE_STRICT_OBJC_MSGSEND = YES;
				GCC_C_LANGUAGE_STANDARD = gnu11;
				GCC_NO_COMMON_BLOCKS = YES;
				GCC_WARN_64_TO_32_BIT_CONVERSION = YES;
				GCC_WARN_ABOUT_RETURN_TYPE = YES_ERROR;
				GCC_WARN_UNDECLARED_SELECTOR = YES;
				GCC_WARN_UNINITIALIZED_AUTOS = YES_AGGRESSIVE;
				GCC_WARN_UNUSED_FUNCTION = YES;
				GCC_WARN_UNUSED_VARIABLE = YES;
				IPHONEOS_DEPLOYMENT_TARGET = 15.2;
				MTL_ENABLE_DEBUG_INFO = NO;
				MTL_FAST_MATH = YES;
				SDKROOT = iphoneos;
				SWIFT_COMPILATION_MODE = wholemodule;
				SWIFT_OPTIMIZATION_LEVEL = "-O";
				VALIDATE_PRODUCT = YES;
			};
			name = Release;
		};
		602EF1C627D6CD8D00CD4677 /* Debug */ = {
			isa = XCBuildConfiguration;
			buildSettings = {
				ASSETCATALOG_COMPILER_APPICON_NAME = AppIcon;
				ASSETCATALOG_COMPILER_GLOBAL_ACCENT_COLOR_NAME = AccentColor;
				CODE_SIGN_STYLE = Automatic;
				CURRENT_PROJECT_VERSION = 1;
				DEVELOPMENT_ASSET_PATHS = "\"TaskManager/Preview Content\"";
				DEVELOPMENT_TEAM = USHAX9R325;
				ENABLE_PREVIEWS = YES;
				GENERATE_INFOPLIST_FILE = YES;
				INFOPLIST_KEY_UIApplicationSceneManifest_Generation = YES;
				INFOPLIST_KEY_UIApplicationSupportsIndirectInputEvents = YES;
				INFOPLIST_KEY_UILaunchScreen_Generation = YES;
				INFOPLIST_KEY_UISupportedInterfaceOrientations_iPad = "UIInterfaceOrientationPortrait UIInterfaceOrientationPortraitUpsideDown UIInterfaceOrientationLandscapeLeft UIInterfaceOrientationLandscapeRight";
				INFOPLIST_KEY_UISupportedInterfaceOrientations_iPhone = "UIInterfaceOrientationPortrait UIInterfaceOrientationLandscapeLeft UIInterfaceOrientationLandscapeRight";
				LD_RUNPATH_SEARCH_PATHS = (
					"$(inherited)",
					"@executable_path/Frameworks",
				);
				MARKETING_VERSION = 1.0;
				PRODUCT_BUNDLE_IDENTIFIER = com.scottclampet.TaskManager;
				PRODUCT_NAME = "$(TARGET_NAME)";
				SWIFT_EMIT_LOC_STRINGS = YES;
				SWIFT_VERSION = 5.0;
				TARGETED_DEVICE_FAMILY = "1,2";
			};
			name = Debug;
		};
		602EF1C727D6CD8D00CD4677 /* Release */ = {
			isa = XCBuildConfiguration;
			buildSettings = {
				ASSETCATALOG_COMPILER_APPICON_NAME = AppIcon;
				ASSETCATALOG_COMPILER_GLOBAL_ACCENT_COLOR_NAME = AccentColor;
				CODE_SIGN_STYLE = Automatic;
				CURRENT_PROJECT_VERSION = 1;
				DEVELOPMENT_ASSET_PATHS = "\"TaskManager/Preview Content\"";
				DEVELOPMENT_TEAM = USHAX9R325;
				ENABLE_PREVIEWS = YES;
				GENERATE_INFOPLIST_FILE = YES;
				INFOPLIST_KEY_UIApplicationSceneManifest_Generation = YES;
				INFOPLIST_KEY_UIApplicationSupportsIndirectInputEvents = YES;
				INFOPLIST_KEY_UILaunchScreen_Generation = YES;
				INFOPLIST_KEY_UISupportedInterfaceOrientations_iPad = "UIInterfaceOrientationPortrait UIInterfaceOrientationPortraitUpsideDown UIInterfaceOrientationLandscapeLeft UIInterfaceOrientationLandscapeRight";
				INFOPLIST_KEY_UISupportedInterfaceOrientations_iPhone = "UIInterfaceOrientationPortrait UIInterfaceOrientationLandscapeLeft UIInterfaceOrientationLandscapeRight";
				LD_RUNPATH_SEARCH_PATHS = (
					"$(inherited)",
					"@executable_path/Frameworks",
				);
				MARKETING_VERSION = 1.0;
				PRODUCT_BUNDLE_IDENTIFIER = com.scottclampet.TaskManager;
				PRODUCT_NAME = "$(TARGET_NAME)";
				SWIFT_EMIT_LOC_STRINGS = YES;
				SWIFT_VERSION = 5.0;
				TARGETED_DEVICE_FAMILY = "1,2";
			};
			name = Release;
		};
		602EF1C927D6CD8D00CD4677 /* Debug */ = {
			isa = XCBuildConfiguration;
			buildSettings = {
				ALWAYS_EMBED_SWIFT_STANDARD_LIBRARIES = YES;
				BUNDLE_LOADER = "$(TEST_HOST)";
				CODE_SIGN_STYLE = Automatic;
				CURRENT_PROJECT_VERSION = 1;
				DEVELOPMENT_TEAM = USHAX9R325;
				GENERATE_INFOPLIST_FILE = YES;
				IPHONEOS_DEPLOYMENT_TARGET = 15.2;
				MARKETING_VERSION = 1.0;
				PRODUCT_BUNDLE_IDENTIFIER = com.scottclampet.TaskManagerTests;
				PRODUCT_NAME = "$(TARGET_NAME)";
				SWIFT_EMIT_LOC_STRINGS = NO;
				SWIFT_VERSION = 5.0;
				TARGETED_DEVICE_FAMILY = "1,2";
				TEST_HOST = "$(BUILT_PRODUCTS_DIR)/TaskManager.app/TaskManager";
			};
			name = Debug;
		};
		602EF1CA27D6CD8D00CD4677 /* Release */ = {
			isa = XCBuildConfiguration;
			buildSettings = {
				ALWAYS_EMBED_SWIFT_STANDARD_LIBRARIES = YES;
				BUNDLE_LOADER = "$(TEST_HOST)";
				CODE_SIGN_STYLE = Automatic;
				CURRENT_PROJECT_VERSION = 1;
				DEVELOPMENT_TEAM = USHAX9R325;
				GENERATE_INFOPLIST_FILE = YES;
				IPHONEOS_DEPLOYMENT_TARGET = 15.2;
				MARKETING_VERSION = 1.0;
				PRODUCT_BUNDLE_IDENTIFIER = com.scottclampet.TaskManagerTests;
				PRODUCT_NAME = "$(TARGET_NAME)";
				SWIFT_EMIT_LOC_STRINGS = NO;
				SWIFT_VERSION = 5.0;
				TARGETED_DEVICE_FAMILY = "1,2";
				TEST_HOST = "$(BUILT_PRODUCTS_DIR)/TaskManager.app/TaskManager";
			};
			name = Release;
		};
		602EF1CC27D6CD8D00CD4677 /* Debug */ = {
			isa = XCBuildConfiguration;
			buildSettings = {
				ALWAYS_EMBED_SWIFT_STANDARD_LIBRARIES = YES;
				CODE_SIGN_STYLE = Automatic;
				CURRENT_PROJECT_VERSION = 1;
				DEVELOPMENT_TEAM = USHAX9R325;
				GENERATE_INFOPLIST_FILE = YES;
				MARKETING_VERSION = 1.0;
				PRODUCT_BUNDLE_IDENTIFIER = com.scottclampet.TaskManagerUITests;
				PRODUCT_NAME = "$(TARGET_NAME)";
				SWIFT_EMIT_LOC_STRINGS = NO;
				SWIFT_VERSION = 5.0;
				TARGETED_DEVICE_FAMILY = "1,2";
				TEST_TARGET_NAME = TaskManager;
			};
			name = Debug;
		};
		602EF1CD27D6CD8D00CD4677 /* Release */ = {
			isa = XCBuildConfiguration;
			buildSettings = {
				ALWAYS_EMBED_SWIFT_STANDARD_LIBRARIES = YES;
				CODE_SIGN_STYLE = Automatic;
				CURRENT_PROJECT_VERSION = 1;
				DEVELOPMENT_TEAM = USHAX9R325;
				GENERATE_INFOPLIST_FILE = YES;
				MARKETING_VERSION = 1.0;
				PRODUCT_BUNDLE_IDENTIFIER = com.scottclampet.TaskManagerUITests;
				PRODUCT_NAME = "$(TARGET_NAME)";
				SWIFT_EMIT_LOC_STRINGS = NO;
				SWIFT_VERSION = 5.0;
				TARGETED_DEVICE_FAMILY = "1,2";
				TEST_TARGET_NAME = TaskManager;
			};
			name = Release;
		};
/* End XCBuildConfiguration section */

/* Begin XCConfigurationList section */
		602EF19727D6CD8400CD4677 /* Build configuration list for PBXProject "TaskManager" */ = {
			isa = XCConfigurationList;
			buildConfigurations = (
				602EF1C327D6CD8D00CD4677 /* Debug */,
				602EF1C427D6CD8D00CD4677 /* Release */,
			);
			defaultConfigurationIsVisible = 0;
			defaultConfigurationName = Release;
		};
		602EF1C527D6CD8D00CD4677 /* Build configuration list for PBXNativeTarget "TaskManager" */ = {
			isa = XCConfigurationList;
			buildConfigurations = (
				602EF1C627D6CD8D00CD4677 /* Debug */,
				602EF1C727D6CD8D00CD4677 /* Release */,
			);
			defaultConfigurationIsVisible = 0;
			defaultConfigurationName = Release;
		};
		602EF1C827D6CD8D00CD4677 /* Build configuration list for PBXNativeTarget "TaskManagerTests" */ = {
			isa = XCConfigurationList;
			buildConfigurations = (
				602EF1C927D6CD8D00CD4677 /* Debug */,
				602EF1CA27D6CD8D00CD4677 /* Release */,
			);
			defaultConfigurationIsVisible = 0;
			defaultConfigurationName = Release;
		};
		602EF1CB27D6CD8D00CD4677 /* Build configuration list for PBXNativeTarget "TaskManagerUITests" */ = {
			isa = XCConfigurationList;
			buildConfigurations = (
				602EF1CC27D6CD8D00CD4677 /* Debug */,
				602EF1CD27D6CD8D00CD4677 /* Release */,
			);
			defaultConfigurationIsVisible = 0;
			defaultConfigurationName = Release;
		};
/* End XCConfigurationList section */

/* Begin XCVersionGroup section */
		602EF1AA27D6CD8D00CD4677 /* TaskManager.xcdatamodeld */ = {
			isa = XCVersionGroup;
			children = (
				602EF1AB27D6CD8D00CD4677 /* TaskManager.xcdatamodel */,
			);
			currentVersion = 602EF1AB27D6CD8D00CD4677 /* TaskManager.xcdatamodel */;
			path = TaskManager.xcdatamodeld;
			sourceTree = "<group>";
			versionGroupType = wrapper.xcdatamodel;
		};
/* End XCVersionGroup section */
	};
	rootObject = 602EF19427D6CD8400CD4677 /* Project object */;
}
