// !$*UTF8*$!
{
	archiveVersion = 1;
	classes = {
	};
	objectVersion = 55;
	objects = {

/* Begin PBXBuildFile section */
		6046CADE27078535002187D9 /* DevoteApp.swift in Sources */ = {isa = PBXBuildFile; fileRef = 6046CADD27078535002187D9 /* DevoteApp.swift */; };
		6046CAE027078535002187D9 /* ContentView.swift in Sources */ = {isa = PBXBuildFile; fileRef = 6046CADF27078535002187D9 /* ContentView.swift */; };
		6046CAE227078537002187D9 /* Assets.xcassets in Resources */ = {isa = PBXBuildFile; fileRef = 6046CAE127078537002187D9 /* Assets.xcassets */; };
		6046CAE527078537002187D9 /* Preview Assets.xcassets in Resources */ = {isa = PBXBuildFile; fileRef = 6046CAE427078537002187D9 /* Preview Assets.xcassets */; };
		6046CAE727078537002187D9 /* Persistence.swift in Sources */ = {isa = PBXBuildFile; fileRef = 6046CAE627078537002187D9 /* Persistence.swift */; };
		6046CAEA27078537002187D9 /* Devote.xcdatamodeld in Sources */ = {isa = PBXBuildFile; fileRef = 6046CAE827078537002187D9 /* Devote.xcdatamodeld */; };
		6046CAF1270785F6002187D9 /* Sound in Resources */ = {isa = PBXBuildFile; fileRef = 6046CAF0270785F6002187D9 /* Sound */; };
		6046CAFD27078D90002187D9 /* Constant.swift in Sources */ = {isa = PBXBuildFile; fileRef = 6046CAFC27078D90002187D9 /* Constant.swift */; };
		6046CAFF270792A2002187D9 /* HideKeyboardExtension.swift in Sources */ = {isa = PBXBuildFile; fileRef = 6046CAFE270792A2002187D9 /* HideKeyboardExtension.swift */; };
		6046CB0127079728002187D9 /* BackgroundImageView.swift in Sources */ = {isa = PBXBuildFile; fileRef = 6046CB0027079728002187D9 /* BackgroundImageView.swift */; };
		6046CB0327079826002187D9 /* NewTaskItemView.swift in Sources */ = {isa = PBXBuildFile; fileRef = 6046CB0227079826002187D9 /* NewTaskItemView.swift */; };
		6046CB0527079B08002187D9 /* BlankView.swift in Sources */ = {isa = PBXBuildFile; fileRef = 6046CB0427079B08002187D9 /* BlankView.swift */; };
		6046CB0727079FC7002187D9 /* ListRowItemView.swift in Sources */ = {isa = PBXBuildFile; fileRef = 6046CB0627079FC7002187D9 /* ListRowItemView.swift */; };
		6046CB092707A16B002187D9 /* CheckboxStyle.swift in Sources */ = {isa = PBXBuildFile; fileRef = 6046CB082707A16B002187D9 /* CheckboxStyle.swift */; };
		6046CB112708B07A002187D9 /* WidgetKit.framework in Frameworks */ = {isa = PBXBuildFile; fileRef = 6046CB102708B07A002187D9 /* WidgetKit.framework */; };
		6046CB132708B07A002187D9 /* SwiftUI.framework in Frameworks */ = {isa = PBXBuildFile; fileRef = 6046CB122708B07A002187D9 /* SwiftUI.framework */; };
		6046CB162708B07A002187D9 /* DevoteWidget.swift in Sources */ = {isa = PBXBuildFile; fileRef = 6046CB152708B07A002187D9 /* DevoteWidget.swift */; };
		6046CB182708B07D002187D9 /* Assets.xcassets in Resources */ = {isa = PBXBuildFile; fileRef = 6046CB172708B07D002187D9 /* Assets.xcassets */; };
		6046CB1C2708B07D002187D9 /* DevoteWidgetExtension.appex in Embed App Extensions */ = {isa = PBXBuildFile; fileRef = 6046CB0E2708B07A002187D9 /* DevoteWidgetExtension.appex */; settings = {ATTRIBUTES = (RemoveHeadersOnCopy, ); }; };
/* End PBXBuildFile section */

/* Begin PBXContainerItemProxy section */
		6046CB1A2708B07D002187D9 /* PBXContainerItemProxy */ = {
			isa = PBXContainerItemProxy;
			containerPortal = 6046CAD227078535002187D9 /* Project object */;
			proxyType = 1;
			remoteGlobalIDString = 6046CB0D2708B07A002187D9;
			remoteInfo = DevoteWidgetExtension;
		};
/* End PBXContainerItemProxy section */

/* Begin PBXCopyFilesBuildPhase section */
		6046CB202708B07D002187D9 /* Embed App Extensions */ = {
			isa = PBXCopyFilesBuildPhase;
			buildActionMask = 2147483647;
			dstPath = "";
			dstSubfolderSpec = 13;
			files = (
				6046CB1C2708B07D002187D9 /* DevoteWidgetExtension.appex in Embed App Extensions */,
			);
			name = "Embed App Extensions";
			runOnlyForDeploymentPostprocessing = 0;
		};
/* End PBXCopyFilesBuildPhase section */

/* Begin PBXFileReference section */
		6046CADA27078535002187D9 /* Devote.app */ = {isa = PBXFileReference; explicitFileType = wrapper.application; includeInIndex = 0; path = Devote.app; sourceTree = BUILT_PRODUCTS_DIR; };
		6046CADD27078535002187D9 /* DevoteApp.swift */ = {isa = PBXFileReference; lastKnownFileType = sourcecode.swift; path = DevoteApp.swift; sourceTree = "<group>"; };
		6046CADF27078535002187D9 /* ContentView.swift */ = {isa = PBXFileReference; lastKnownFileType = sourcecode.swift; path = ContentView.swift; sourceTree = "<group>"; };
		6046CAE127078537002187D9 /* Assets.xcassets */ = {isa = PBXFileReference; lastKnownFileType = folder.assetcatalog; path = Assets.xcassets; sourceTree = "<group>"; };
		6046CAE427078537002187D9 /* Preview Assets.xcassets */ = {isa = PBXFileReference; lastKnownFileType = folder.assetcatalog; path = "Preview Assets.xcassets"; sourceTree = "<group>"; };
		6046CAE627078537002187D9 /* Persistence.swift */ = {isa = PBXFileReference; lastKnownFileType = sourcecode.swift; path = Persistence.swift; sourceTree = "<group>"; };
		6046CAE927078537002187D9 /* Devote.xcdatamodel */ = {isa = PBXFileReference; lastKnownFileType = wrapper.xcdatamodel; path = Devote.xcdatamodel; sourceTree = "<group>"; };
		6046CAF0270785F6002187D9 /* Sound */ = {isa = PBXFileReference; lastKnownFileType = folder; path = Sound; sourceTree = "<group>"; };
		6046CAF727078694002187D9 /* Info.plist */ = {isa = PBXFileReference; lastKnownFileType = text.plist; path = Info.plist; sourceTree = "<group>"; };
		6046CAFC27078D90002187D9 /* Constant.swift */ = {isa = PBXFileReference; lastKnownFileType = sourcecode.swift; path = Constant.swift; sourceTree = "<group>"; };
		6046CAFE270792A2002187D9 /* HideKeyboardExtension.swift */ = {isa = PBXFileReference; lastKnownFileType = sourcecode.swift; path = HideKeyboardExtension.swift; sourceTree = "<group>"; };
		6046CB0027079728002187D9 /* BackgroundImageView.swift */ = {isa = PBXFileReference; lastKnownFileType = sourcecode.swift; path = BackgroundImageView.swift; sourceTree = "<group>"; };
		6046CB0227079826002187D9 /* NewTaskItemView.swift */ = {isa = PBXFileReference; lastKnownFileType = sourcecode.swift; path = NewTaskItemView.swift; sourceTree = "<group>"; };
		6046CB0427079B08002187D9 /* BlankView.swift */ = {isa = PBXFileReference; lastKnownFileType = sourcecode.swift; path = BlankView.swift; sourceTree = "<group>"; };
		6046CB0627079FC7002187D9 /* ListRowItemView.swift */ = {isa = PBXFileReference; lastKnownFileType = sourcecode.swift; path = ListRowItemView.swift; sourceTree = "<group>"; };
		6046CB082707A16B002187D9 /* CheckboxStyle.swift */ = {isa = PBXFileReference; lastKnownFileType = sourcecode.swift; path = CheckboxStyle.swift; sourceTree = "<group>"; };
		6046CB0E2708B07A002187D9 /* DevoteWidgetExtension.appex */ = {isa = PBXFileReference; explicitFileType = "wrapper.app-extension"; includeInIndex = 0; path = DevoteWidgetExtension.appex; sourceTree = BUILT_PRODUCTS_DIR; };
		6046CB102708B07A002187D9 /* WidgetKit.framework */ = {isa = PBXFileReference; lastKnownFileType = wrapper.framework; name = WidgetKit.framework; path = System/Library/Frameworks/WidgetKit.framework; sourceTree = SDKROOT; };
		6046CB122708B07A002187D9 /* SwiftUI.framework */ = {isa = PBXFileReference; lastKnownFileType = wrapper.framework; name = SwiftUI.framework; path = System/Library/Frameworks/SwiftUI.framework; sourceTree = SDKROOT; };
		6046CB152708B07A002187D9 /* DevoteWidget.swift */ = {isa = PBXFileReference; lastKnownFileType = sourcecode.swift; path = DevoteWidget.swift; sourceTree = "<group>"; };
		6046CB172708B07D002187D9 /* Assets.xcassets */ = {isa = PBXFileReference; lastKnownFileType = folder.assetcatalog; path = Assets.xcassets; sourceTree = "<group>"; };
		6046CB192708B07D002187D9 /* Info.plist */ = {isa = PBXFileReference; lastKnownFileType = text.plist.xml; path = Info.plist; sourceTree = "<group>"; };
/* End PBXFileReference section */

/* Begin PBXFrameworksBuildPhase section */
		6046CAD727078535002187D9 /* Frameworks */ = {
			isa = PBXFrameworksBuildPhase;
			buildActionMask = 2147483647;
			files = (
			);
			runOnlyForDeploymentPostprocessing = 0;
		};
		6046CB0B2708B07A002187D9 /* Frameworks */ = {
			isa = PBXFrameworksBuildPhase;
			buildActionMask = 2147483647;
			files = (
				6046CB132708B07A002187D9 /* SwiftUI.framework in Frameworks */,
				6046CB112708B07A002187D9 /* WidgetKit.framework in Frameworks */,
			);
			runOnlyForDeploymentPostprocessing = 0;
		};
/* End PBXFrameworksBuildPhase section */

/* Begin PBXGroup section */
		6046CAD127078535002187D9 = {
			isa = PBXGroup;
			children = (
				6046CADC27078535002187D9 /* Devote */,
				6046CB142708B07A002187D9 /* DevoteWidget */,
				6046CB0F2708B07A002187D9 /* Frameworks */,
				6046CADB27078535002187D9 /* Products */,
			);
			sourceTree = "<group>";
		};
		6046CADB27078535002187D9 /* Products */ = {
			isa = PBXGroup;
			children = (
				6046CADA27078535002187D9 /* Devote.app */,
				6046CB0E2708B07A002187D9 /* DevoteWidgetExtension.appex */,
			);
			name = Products;
			sourceTree = "<group>";
		};
		6046CADC27078535002187D9 /* Devote */ = {
			isa = PBXGroup;
			children = (
				6046CAF727078694002187D9 /* Info.plist */,
				6046CAF227078611002187D9 /* View */,
				6046CAF527078636002187D9 /* Styles */,
				6046CAF427078632002187D9 /* Util */,
				6046CAF32707862B002187D9 /* Extensions */,
				6046CAF627078647002187D9 /* Model */,
				6046CAF0270785F6002187D9 /* Sound */,
				6046CAE127078537002187D9 /* Assets.xcassets */,
				6046CAE327078537002187D9 /* Preview Content */,
			);
			path = Devote;
			sourceTree = "<group>";
		};
		6046CAE327078537002187D9 /* Preview Content */ = {
			isa = PBXGroup;
			children = (
				6046CAE427078537002187D9 /* Preview Assets.xcassets */,
			);
			path = "Preview Content";
			sourceTree = "<group>";
		};
		6046CAF227078611002187D9 /* View */ = {
			isa = PBXGroup;
			children = (
				6046CADF27078535002187D9 /* ContentView.swift */,
				6046CB0027079728002187D9 /* BackgroundImageView.swift */,
				6046CB0227079826002187D9 /* NewTaskItemView.swift */,
				6046CB0427079B08002187D9 /* BlankView.swift */,
				6046CB0627079FC7002187D9 /* ListRowItemView.swift */,
			);
			path = View;
			sourceTree = "<group>";
		};
		6046CAF32707862B002187D9 /* Extensions */ = {
			isa = PBXGroup;
			children = (
				6046CAFE270792A2002187D9 /* HideKeyboardExtension.swift */,
			);
			path = Extensions;
			sourceTree = "<group>";
		};
		6046CAF427078632002187D9 /* Util */ = {
			isa = PBXGroup;
			children = (
				6046CAFC27078D90002187D9 /* Constant.swift */,
			);
			path = Util;
			sourceTree = "<group>";
		};
		6046CAF527078636002187D9 /* Styles */ = {
			isa = PBXGroup;
			children = (
				6046CB082707A16B002187D9 /* CheckboxStyle.swift */,
			);
			path = Styles;
			sourceTree = "<group>";
		};
		6046CAF627078647002187D9 /* Model */ = {
			isa = PBXGroup;
			children = (
				6046CADD27078535002187D9 /* DevoteApp.swift */,
				6046CAE627078537002187D9 /* Persistence.swift */,
				6046CAE827078537002187D9 /* Devote.xcdatamodeld */,
			);
			path = Model;
			sourceTree = "<group>";
		};
		6046CB0F2708B07A002187D9 /* Frameworks */ = {
			isa = PBXGroup;
			children = (
				6046CB102708B07A002187D9 /* WidgetKit.framework */,
				6046CB122708B07A002187D9 /* SwiftUI.framework */,
			);
			name = Frameworks;
			sourceTree = "<group>";
		};
		6046CB142708B07A002187D9 /* DevoteWidget */ = {
			isa = PBXGroup;
			children = (
				6046CB152708B07A002187D9 /* DevoteWidget.swift */,
				6046CB172708B07D002187D9 /* Assets.xcassets */,
				6046CB192708B07D002187D9 /* Info.plist */,
			);
			path = DevoteWidget;
			sourceTree = "<group>";
		};
/* End PBXGroup section */

/* Begin PBXNativeTarget section */
		6046CAD927078535002187D9 /* Devote */ = {
			isa = PBXNativeTarget;
			buildConfigurationList = 6046CAED27078537002187D9 /* Build configuration list for PBXNativeTarget "Devote" */;
			buildPhases = (
				6046CAD627078535002187D9 /* Sources */,
				6046CAD727078535002187D9 /* Frameworks */,
				6046CAD827078535002187D9 /* Resources */,
				6046CB202708B07D002187D9 /* Embed App Extensions */,
			);
			buildRules = (
			);
			dependencies = (
				6046CB1B2708B07D002187D9 /* PBXTargetDependency */,
			);
			name = Devote;
			productName = Devote;
			productReference = 6046CADA27078535002187D9 /* Devote.app */;
			productType = "com.apple.product-type.application";
		};
		6046CB0D2708B07A002187D9 /* DevoteWidgetExtension */ = {
			isa = PBXNativeTarget;
			buildConfigurationList = 6046CB1D2708B07D002187D9 /* Build configuration list for PBXNativeTarget "DevoteWidgetExtension" */;
			buildPhases = (
				6046CB0A2708B07A002187D9 /* Sources */,
				6046CB0B2708B07A002187D9 /* Frameworks */,
				6046CB0C2708B07A002187D9 /* Resources */,
			);
			buildRules = (
			);
			dependencies = (
			);
			name = DevoteWidgetExtension;
			productName = DevoteWidgetExtension;
			productReference = 6046CB0E2708B07A002187D9 /* DevoteWidgetExtension.appex */;
			productType = "com.apple.product-type.app-extension";
		};
/* End PBXNativeTarget section */

/* Begin PBXProject section */
		6046CAD227078535002187D9 /* Project object */ = {
			isa = PBXProject;
			attributes = {
				BuildIndependentTargetsInParallel = 1;
				LastSwiftUpdateCheck = 1300;
				LastUpgradeCheck = 1300;
				TargetAttributes = {
					6046CAD927078535002187D9 = {
						CreatedOnToolsVersion = 13.0;
					};
					6046CB0D2708B07A002187D9 = {
						CreatedOnToolsVersion = 13.0;
					};
				};
			};
			buildConfigurationList = 6046CAD527078535002187D9 /* Build configuration list for PBXProject "Devote" */;
			compatibilityVersion = "Xcode 13.0";
			developmentRegion = en;
			hasScannedForEncodings = 0;
			knownRegions = (
				en,
				Base,
			);
			mainGroup = 6046CAD127078535002187D9;
			productRefGroup = 6046CADB27078535002187D9 /* Products */;
			projectDirPath = "";
			projectRoot = "";
			targets = (
				6046CAD927078535002187D9 /* Devote */,
				6046CB0D2708B07A002187D9 /* DevoteWidgetExtension */,
			);
		};
/* End PBXProject section */

/* Begin PBXResourcesBuildPhase section */
		6046CAD827078535002187D9 /* Resources */ = {
			isa = PBXResourcesBuildPhase;
			buildActionMask = 2147483647;
			files = (
				6046CAF1270785F6002187D9 /* Sound in Resources */,
				6046CAE527078537002187D9 /* Preview Assets.xcassets in Resources */,
				6046CAE227078537002187D9 /* Assets.xcassets in Resources */,
			);
			runOnlyForDeploymentPostprocessing = 0;
		};
		6046CB0C2708B07A002187D9 /* Resources */ = {
			isa = PBXResourcesBuildPhase;
			buildActionMask = 2147483647;
			files = (
				6046CB182708B07D002187D9 /* Assets.xcassets in Resources */,
			);
			runOnlyForDeploymentPostprocessing = 0;
		};
/* End PBXResourcesBuildPhase section */

/* Begin PBXSourcesBuildPhase section */
		6046CAD627078535002187D9 /* Sources */ = {
			isa = PBXSourcesBuildPhase;
			buildActionMask = 2147483647;
			files = (
				6046CAE727078537002187D9 /* Persistence.swift in Sources */,
				6046CB0127079728002187D9 /* BackgroundImageView.swift in Sources */,
				6046CAE027078535002187D9 /* ContentView.swift in Sources */,
				6046CAFF270792A2002187D9 /* HideKeyboardExtension.swift in Sources */,
				6046CB0527079B08002187D9 /* BlankView.swift in Sources */,
				6046CAFD27078D90002187D9 /* Constant.swift in Sources */,
				6046CB0727079FC7002187D9 /* ListRowItemView.swift in Sources */,
				6046CAEA27078537002187D9 /* Devote.xcdatamodeld in Sources */,
				6046CADE27078535002187D9 /* DevoteApp.swift in Sources */,
				6046CB092707A16B002187D9 /* CheckboxStyle.swift in Sources */,
				6046CB0327079826002187D9 /* NewTaskItemView.swift in Sources */,
			);
			runOnlyForDeploymentPostprocessing = 0;
		};
		6046CB0A2708B07A002187D9 /* Sources */ = {
			isa = PBXSourcesBuildPhase;
			buildActionMask = 2147483647;
			files = (
				6046CB162708B07A002187D9 /* DevoteWidget.swift in Sources */,
			);
			runOnlyForDeploymentPostprocessing = 0;
		};
/* End PBXSourcesBuildPhase section */

/* Begin PBXTargetDependency section */
		6046CB1B2708B07D002187D9 /* PBXTargetDependency */ = {
			isa = PBXTargetDependency;
			target = 6046CB0D2708B07A002187D9 /* DevoteWidgetExtension */;
			targetProxy = 6046CB1A2708B07D002187D9 /* PBXContainerItemProxy */;
		};
/* End PBXTargetDependency section */

/* Begin XCBuildConfiguration section */
		6046CAEB27078537002187D9 /* Debug */ = {
			isa = XCBuildConfiguration;
			buildSettings = {
				ALWAYS_SEARCH_USER_PATHS = NO;
				CLANG_ANALYZER_NONNULL = YES;
				CLANG_ANALYZER_NUMBER_OBJECT_CONVERSION = YES_AGGRESSIVE;
				CLANG_CXX_LANGUAGE_STANDARD = "gnu++17";
				CLANG_CXX_LIBRARY = "libc++";
				CLANG_ENABLE_MODULES = YES;
				CLANG_ENABLE_OBJC_ARC = YES;
				CLANG_ENABLE_OBJC_WEAK = YES;
				CLANG_WARN_BLOCK_CAPTURE_AUTORELEASING = YES;
				CLANG_WARN_BOOL_CONVERSION = YES;
				CLANG_WARN_COMMA = YES;
				CLANG_WARN_CONSTANT_CONVERSION = YES;
				CLANG_WARN_DEPRECATED_OBJC_IMPLEMENTATIONS = YES;
				CLANG_WARN_DIRECT_OBJC_ISA_USAGE = YES_ERROR;
				CLANG_WARN_DOCUMENTATION_COMMENTS = YES;
				CLANG_WARN_EMPTY_BODY = YES;
				CLANG_WARN_ENUM_CONVERSION = YES;
				CLANG_WARN_INFINITE_RECURSION = YES;
				CLANG_WARN_INT_CONVERSION = YES;
				CLANG_WARN_NON_LITERAL_NULL_CONVERSION = YES;
				CLANG_WARN_OBJC_IMPLICIT_RETAIN_SELF = YES;
				CLANG_WARN_OBJC_LITERAL_CONVERSION = YES;
				CLANG_WARN_OBJC_ROOT_CLASS = YES_ERROR;
				CLANG_WARN_QUOTED_INCLUDE_IN_FRAMEWORK_HEADER = YES;
				CLANG_WARN_RANGE_LOOP_ANALYSIS = YES;
				CLANG_WARN_STRICT_PROTOTYPES = YES;
				CLANG_WARN_SUSPICIOUS_MOVE = YES;
				CLANG_WARN_UNGUARDED_AVAILABILITY = YES_AGGRESSIVE;
				CLANG_WARN_UNREACHABLE_CODE = YES;
				CLANG_WARN__DUPLICATE_METHOD_MATCH = YES;
				COPY_PHASE_STRIP = NO;
				DEBUG_INFORMATION_FORMAT = dwarf;
				ENABLE_STRICT_OBJC_MSGSEND = YES;
				ENABLE_TESTABILITY = YES;
				GCC_C_LANGUAGE_STANDARD = gnu11;
				GCC_DYNAMIC_NO_PIC = NO;
				GCC_NO_COMMON_BLOCKS = YES;
				GCC_OPTIMIZATION_LEVEL = 0;
				GCC_PREPROCESSOR_DEFINITIONS = (
					"DEBUG=1",
					"$(inherited)",
				);
				GCC_WARN_64_TO_32_BIT_CONVERSION = YES;
				GCC_WARN_ABOUT_RETURN_TYPE = YES_ERROR;
				GCC_WARN_UNDECLARED_SELECTOR = YES;
				GCC_WARN_UNINITIALIZED_AUTOS = YES_AGGRESSIVE;
				GCC_WARN_UNUSED_FUNCTION = YES;
				GCC_WARN_UNUSED_VARIABLE = YES;
				IPHONEOS_DEPLOYMENT_TARGET = 15.0;
				MTL_ENABLE_DEBUG_INFO = INCLUDE_SOURCE;
				MTL_FAST_MATH = YES;
				ONLY_ACTIVE_ARCH = YES;
				SDKROOT = iphoneos;
				SWIFT_ACTIVE_COMPILATION_CONDITIONS = DEBUG;
				SWIFT_OPTIMIZATION_LEVEL = "-Onone";
			};
			name = Debug;
		};
		6046CAEC27078537002187D9 /* Release */ = {
			isa = XCBuildConfiguration;
			buildSettings = {
				ALWAYS_SEARCH_USER_PATHS = NO;
				CLANG_ANALYZER_NONNULL = YES;
				CLANG_ANALYZER_NUMBER_OBJECT_CONVERSION = YES_AGGRESSIVE;
				CLANG_CXX_LANGUAGE_STANDARD = "gnu++17";
				CLANG_CXX_LIBRARY = "libc++";
				CLANG_ENABLE_MODULES = YES;
				CLANG_ENABLE_OBJC_ARC = YES;
				CLANG_ENABLE_OBJC_WEAK = YES;
				CLANG_WARN_BLOCK_CAPTURE_AUTORELEASING = YES;
				CLANG_WARN_BOOL_CONVERSION = YES;
				CLANG_WARN_COMMA = YES;
				CLANG_WARN_CONSTANT_CONVERSION = YES;
				CLANG_WARN_DEPRECATED_OBJC_IMPLEMENTATIONS = YES;
				CLANG_WARN_DIRECT_OBJC_ISA_USAGE = YES_ERROR;
				CLANG_WARN_DOCUMENTATION_COMMENTS = YES;
				CLANG_WARN_EMPTY_BODY = YES;
				CLANG_WARN_ENUM_CONVERSION = YES;
				CLANG_WARN_INFINITE_RECURSION = YES;
				CLANG_WARN_INT_CONVERSION = YES;
				CLANG_WARN_NON_LITERAL_NULL_CONVERSION = YES;
				CLANG_WARN_OBJC_IMPLICIT_RETAIN_SELF = YES;
				CLANG_WARN_OBJC_LITERAL_CONVERSION = YES;
				CLANG_WARN_OBJC_ROOT_CLASS = YES_ERROR;
				CLANG_WARN_QUOTED_INCLUDE_IN_FRAMEWORK_HEADER = YES;
				CLANG_WARN_RANGE_LOOP_ANALYSIS = YES;
				CLANG_WARN_STRICT_PROTOTYPES = YES;
				CLANG_WARN_SUSPICIOUS_MOVE = YES;
				CLANG_WARN_UNGUARDED_AVAILABILITY = YES_AGGRESSIVE;
				CLANG_WARN_UNREACHABLE_CODE = YES;
				CLANG_WARN__DUPLICATE_METHOD_MATCH = YES;
				COPY_PHASE_STRIP = NO;
				DEBUG_INFORMATION_FORMAT = "dwarf-with-dsym";
				ENABLE_NS_ASSERTIONS = NO;
				ENABLE_STRICT_OBJC_MSGSEND = YES;
				GCC_C_LANGUAGE_STANDARD = gnu11;
				GCC_NO_COMMON_BLOCKS = YES;
				GCC_WARN_64_TO_32_BIT_CONVERSION = YES;
				GCC_WARN_ABOUT_RETURN_TYPE = YES_ERROR;
				GCC_WARN_UNDECLARED_SELECTOR = YES;
				GCC_WARN_UNINITIALIZED_AUTOS = YES_AGGRESSIVE;
				GCC_WARN_UNUSED_FUNCTION = YES;
				GCC_WARN_UNUSED_VARIABLE = YES;
				IPHONEOS_DEPLOYMENT_TARGET = 15.0;
				MTL_ENABLE_DEBUG_INFO = NO;
				MTL_FAST_MATH = YES;
				SDKROOT = iphoneos;
				SWIFT_COMPILATION_MODE = wholemodule;
				SWIFT_OPTIMIZATION_LEVEL = "-O";
				VALIDATE_PRODUCT = YES;
			};
			name = Release;
		};
		6046CAEE27078537002187D9 /* Debug */ = {
			isa = XCBuildConfiguration;
			buildSettings = {
				ALWAYS_EMBED_SWIFT_STANDARD_LIBRARIES = YES;
				ASSETCATALOG_COMPILER_APPICON_NAME = AppIcon;
				ASSETCATALOG_COMPILER_GLOBAL_ACCENT_COLOR_NAME = AccentColor;
				CODE_SIGN_STYLE = Automatic;
				CURRENT_PROJECT_VERSION = 1;
				DEVELOPMENT_ASSET_PATHS = "\"Devote/Preview Content\"";
				DEVELOPMENT_TEAM = R3D8JUT8KD;
				ENABLE_PREVIEWS = YES;
				GENERATE_INFOPLIST_FILE = YES;
				INFOPLIST_FILE = Devote/Info.plist;
				INFOPLIST_KEY_UIApplicationSceneManifest_Generation = YES;
				INFOPLIST_KEY_UIApplicationSupportsIndirectInputEvents = YES;
				INFOPLIST_KEY_UISupportedInterfaceOrientations = UIInterfaceOrientationPortrait;
				INFOPLIST_KEY_UISupportedInterfaceOrientations_iPad = "UIInterfaceOrientationPortrait UIInterfaceOrientationPortraitUpsideDown UIInterfaceOrientationLandscapeLeft UIInterfaceOrientationLandscapeRight";
				INFOPLIST_KEY_UISupportedInterfaceOrientations_iPhone = "UIInterfaceOrientationPortrait UIInterfaceOrientationLandscapeLeft UIInterfaceOrientationLandscapeRight";
				IPHONEOS_DEPLOYMENT_TARGET = 15.0;
				LD_RUNPATH_SEARCH_PATHS = (
					"$(inherited)",
					"@executable_path/Frameworks",
				);
				MARKETING_VERSION = 1.0;
				PRODUCT_BUNDLE_IDENTIFIER = com.scottclampet.Devote;
				PRODUCT_NAME = "$(TARGET_NAME)";
				SWIFT_EMIT_LOC_STRINGS = YES;
				SWIFT_VERSION = 5.0;
				TARGETED_DEVICE_FAMILY = "1,2";
			};
			name = Debug;
		};
		6046CAEF27078537002187D9 /* Release */ = {
			isa = XCBuildConfiguration;
			buildSettings = {
				ALWAYS_EMBED_SWIFT_STANDARD_LIBRARIES = YES;
				ASSETCATALOG_COMPILER_APPICON_NAME = AppIcon;
				ASSETCATALOG_COMPILER_GLOBAL_ACCENT_COLOR_NAME = AccentColor;
				CODE_SIGN_STYLE = Automatic;
				CURRENT_PROJECT_VERSION = 1;
				DEVELOPMENT_ASSET_PATHS = "\"Devote/Preview Content\"";
				DEVELOPMENT_TEAM = R3D8JUT8KD;
				ENABLE_PREVIEWS = YES;
				GENERATE_INFOPLIST_FILE = YES;
				INFOPLIST_FILE = Devote/Info.plist;
				INFOPLIST_KEY_UIApplicationSceneManifest_Generation = YES;
				INFOPLIST_KEY_UIApplicationSupportsIndirectInputEvents = YES;
				INFOPLIST_KEY_UISupportedInterfaceOrientations = UIInterfaceOrientationPortrait;
				INFOPLIST_KEY_UISupportedInterfaceOrientations_iPad = "UIInterfaceOrientationPortrait UIInterfaceOrientationPortraitUpsideDown UIInterfaceOrientationLandscapeLeft UIInterfaceOrientationLandscapeRight";
				INFOPLIST_KEY_UISupportedInterfaceOrientations_iPhone = "UIInterfaceOrientationPortrait UIInterfaceOrientationLandscapeLeft UIInterfaceOrientationLandscapeRight";
				IPHONEOS_DEPLOYMENT_TARGET = 15.0;
				LD_RUNPATH_SEARCH_PATHS = (
					"$(inherited)",
					"@executable_path/Frameworks",
				);
				MARKETING_VERSION = 1.0;
				PRODUCT_BUNDLE_IDENTIFIER = com.scottclampet.Devote;
				PRODUCT_NAME = "$(TARGET_NAME)";
				SWIFT_EMIT_LOC_STRINGS = YES;
				SWIFT_VERSION = 5.0;
				TARGETED_DEVICE_FAMILY = "1,2";
			};
			name = Release;
		};
		6046CB1E2708B07D002187D9 /* Debug */ = {
			isa = XCBuildConfiguration;
			buildSettings = {
				ASSETCATALOG_COMPILER_GLOBAL_ACCENT_COLOR_NAME = AccentColor;
				ASSETCATALOG_COMPILER_WIDGET_BACKGROUND_COLOR_NAME = WidgetBackground;
				CODE_SIGN_STYLE = Automatic;
				CURRENT_PROJECT_VERSION = 1;
				DEVELOPMENT_TEAM = R3D8JUT8KD;
				GENERATE_INFOPLIST_FILE = YES;
				INFOPLIST_FILE = DevoteWidget/Info.plist;
				INFOPLIST_KEY_CFBundleDisplayName = DevoteWidget;
				INFOPLIST_KEY_NSHumanReadableCopyright = "";
				LD_RUNPATH_SEARCH_PATHS = (
					"$(inherited)",
					"@executable_path/Frameworks",
					"@executable_path/../../Frameworks",
				);
				MARKETING_VERSION = 1.0;
				PRODUCT_BUNDLE_IDENTIFIER = com.scottclampet.Devote.DevoteWidget;
				PRODUCT_NAME = "$(TARGET_NAME)";
				SKIP_INSTALL = YES;
				SWIFT_EMIT_LOC_STRINGS = YES;
				SWIFT_VERSION = 5.0;
				TARGETED_DEVICE_FAMILY = "1,2";
			};
			name = Debug;
		};
		6046CB1F2708B07D002187D9 /* Release */ = {
			isa = XCBuildConfiguration;
			buildSettings = {
				ASSETCATALOG_COMPILER_GLOBAL_ACCENT_COLOR_NAME = AccentColor;
				ASSETCATALOG_COMPILER_WIDGET_BACKGROUND_COLOR_NAME = WidgetBackground;
				CODE_SIGN_STYLE = Automatic;
				CURRENT_PROJECT_VERSION = 1;
				DEVELOPMENT_TEAM = R3D8JUT8KD;
				GENERATE_INFOPLIST_FILE = YES;
				INFOPLIST_FILE = DevoteWidget/Info.plist;
				INFOPLIST_KEY_CFBundleDisplayName = DevoteWidget;
				INFOPLIST_KEY_NSHumanReadableCopyright = "";
				LD_RUNPATH_SEARCH_PATHS = (
					"$(inherited)",
					"@executable_path/Frameworks",
					"@executable_path/../../Frameworks",
				);
				MARKETING_VERSION = 1.0;
				PRODUCT_BUNDLE_IDENTIFIER = com.scottclampet.Devote.DevoteWidget;
				PRODUCT_NAME = "$(TARGET_NAME)";
				SKIP_INSTALL = YES;
				SWIFT_EMIT_LOC_STRINGS = YES;
				SWIFT_VERSION = 5.0;
				TARGETED_DEVICE_FAMILY = "1,2";
			};
			name = Release;
		};
/* End XCBuildConfiguration section */

/* Begin XCConfigurationList section */
		6046CAD527078535002187D9 /* Build configuration list for PBXProject "Devote" */ = {
			isa = XCConfigurationList;
			buildConfigurations = (
				6046CAEB27078537002187D9 /* Debug */,
				6046CAEC27078537002187D9 /* Release */,
			);
			defaultConfigurationIsVisible = 0;
			defaultConfigurationName = Release;
		};
		6046CAED27078537002187D9 /* Build configuration list for PBXNativeTarget "Devote" */ = {
			isa = XCConfigurationList;
			buildConfigurations = (
				6046CAEE27078537002187D9 /* Debug */,
				6046CAEF27078537002187D9 /* Release */,
			);
			defaultConfigurationIsVisible = 0;
			defaultConfigurationName = Release;
		};
		6046CB1D2708B07D002187D9 /* Build configuration list for PBXNativeTarget "DevoteWidgetExtension" */ = {
			isa = XCConfigurationList;
			buildConfigurations = (
				6046CB1E2708B07D002187D9 /* Debug */,
				6046CB1F2708B07D002187D9 /* Release */,
			);
			defaultConfigurationIsVisible = 0;
			defaultConfigurationName = Release;
		};
/* End XCConfigurationList section */

/* Begin XCVersionGroup section */
		6046CAE827078537002187D9 /* Devote.xcdatamodeld */ = {
			isa = XCVersionGroup;
			children = (
				6046CAE927078537002187D9 /* Devote.xcdatamodel */,
			);
			currentVersion = 6046CAE927078537002187D9 /* Devote.xcdatamodel */;
			path = Devote.xcdatamodeld;
			sourceTree = "<group>";
			versionGroupType = wrapper.xcdatamodel;
		};
/* End XCVersionGroup section */
	};
	rootObject = 6046CAD227078535002187D9 /* Project object */;
}
