// !$*UTF8*$!
{
	archiveVersion = 1;
	classes = {
	};
	objectVersion = 51;
	objects = {

/* Begin PBXBuildFile section */
		60185CD5270312A3007BE0A0 /* CovidTrackerApp.swift in Sources */ = {isa = PBXBuildFile; fileRef = 60185CD4270312A3007BE0A0 /* CovidTrackerApp.swift */; };
		60185CD7270312A3007BE0A0 /* ContentView.swift in Sources */ = {isa = PBXBuildFile; fileRef = 60185CD6270312A3007BE0A0 /* ContentView.swift */; };
		60185CD9270312B2007BE0A0 /* Assets.xcassets in Resources */ = {isa = PBXBuildFile; fileRef = 60185CD8270312B2007BE0A0 /* Assets.xcassets */; };
		60185CDC270312B2007BE0A0 /* Preview Assets.xcassets in Resources */ = {isa = PBXBuildFile; fileRef = 60185CDB270312B2007BE0A0 /* Preview Assets.xcassets */; };
		60185CE427033ADC007BE0A0 /* CovidAPIService.swift in Sources */ = {isa = PBXBuildFile; fileRef = 60185CE327033ADC007BE0A0 /* CovidAPIService.swift */; };
		60185CE627033CA3007BE0A0 /* Model.swift in Sources */ = {isa = PBXBuildFile; fileRef = 60185CE527033CA3007BE0A0 /* Model.swift */; };
		60185CEA270443EA007BE0A0 /* RecentView.swift in Sources */ = {isa = PBXBuildFile; fileRef = 60185CE9270443EA007BE0A0 /* RecentView.swift */; };
		60185CED27044541007BE0A0 /* ListHeaderView.swift in Sources */ = {isa = PBXBuildFile; fileRef = 60185CEC27044541007BE0A0 /* ListHeaderView.swift */; };
		60185CEF270446E4007BE0A0 /* CountryDataRowView.swift in Sources */ = {isa = PBXBuildFile; fileRef = 60185CEE270446E4007BE0A0 /* CountryDataRowView.swift */; };
		60185CF22704478A007BE0A0 /* Extensions.swift in Sources */ = {isa = PBXBuildFile; fileRef = 60185CF12704478A007BE0A0 /* Extensions.swift */; };
		EF1BA974D74427FA8FF07A13 /* Pods_CovidTracker.framework in Frameworks */ = {isa = PBXBuildFile; fileRef = 05EF24DC7AD74BBB33C28637 /* Pods_CovidTracker.framework */; };
/* End PBXBuildFile section */

/* Begin PBXFileReference section */
		05EF24DC7AD74BBB33C28637 /* Pods_CovidTracker.framework */ = {isa = PBXFileReference; explicitFileType = wrapper.framework; includeInIndex = 0; path = Pods_CovidTracker.framework; sourceTree = BUILT_PRODUCTS_DIR; };
		2E6E783B680F5122E1FC2FAE /* Pods-CovidTracker.release.xcconfig */ = {isa = PBXFileReference; includeInIndex = 1; lastKnownFileType = text.xcconfig; name = "Pods-CovidTracker.release.xcconfig"; path = "Target Support Files/Pods-CovidTracker/Pods-CovidTracker.release.xcconfig"; sourceTree = "<group>"; };
		535996D530102961BD58A64F /* Pods-CovidTracker.debug.xcconfig */ = {isa = PBXFileReference; includeInIndex = 1; lastKnownFileType = text.xcconfig; name = "Pods-CovidTracker.debug.xcconfig"; path = "Target Support Files/Pods-CovidTracker/Pods-CovidTracker.debug.xcconfig"; sourceTree = "<group>"; };
		60185CD1270312A3007BE0A0 /* CovidTracker.app */ = {isa = PBXFileReference; explicitFileType = wrapper.application; includeInIndex = 0; path = CovidTracker.app; sourceTree = BUILT_PRODUCTS_DIR; };
		60185CD4270312A3007BE0A0 /* CovidTrackerApp.swift */ = {isa = PBXFileReference; lastKnownFileType = sourcecode.swift; path = CovidTrackerApp.swift; sourceTree = "<group>"; };
		60185CD6270312A3007BE0A0 /* ContentView.swift */ = {isa = PBXFileReference; lastKnownFileType = sourcecode.swift; path = ContentView.swift; sourceTree = "<group>"; };
		60185CD8270312B2007BE0A0 /* Assets.xcassets */ = {isa = PBXFileReference; lastKnownFileType = folder.assetcatalog; path = Assets.xcassets; sourceTree = "<group>"; };
		60185CDB270312B2007BE0A0 /* Preview Assets.xcassets */ = {isa = PBXFileReference; lastKnownFileType = folder.assetcatalog; path = "Preview Assets.xcassets"; sourceTree = "<group>"; };
		60185CDD270312B2007BE0A0 /* Info.plist */ = {isa = PBXFileReference; lastKnownFileType = text.plist.xml; path = Info.plist; sourceTree = "<group>"; };
		60185CE327033ADC007BE0A0 /* CovidAPIService.swift */ = {isa = PBXFileReference; lastKnownFileType = sourcecode.swift; path = CovidAPIService.swift; sourceTree = "<group>"; };
		60185CE527033CA3007BE0A0 /* Model.swift */ = {isa = PBXFileReference; lastKnownFileType = sourcecode.swift; path = Model.swift; sourceTree = "<group>"; };
		60185CE9270443EA007BE0A0 /* RecentView.swift */ = {isa = PBXFileReference; lastKnownFileType = sourcecode.swift; path = RecentView.swift; sourceTree = "<group>"; };
		60185CEC27044541007BE0A0 /* ListHeaderView.swift */ = {isa = PBXFileReference; lastKnownFileType = sourcecode.swift; path = ListHeaderView.swift; sourceTree = "<group>"; };
		60185CEE270446E4007BE0A0 /* CountryDataRowView.swift */ = {isa = PBXFileReference; lastKnownFileType = sourcecode.swift; path = CountryDataRowView.swift; sourceTree = "<group>"; };
		60185CF12704478A007BE0A0 /* Extensions.swift */ = {isa = PBXFileReference; lastKnownFileType = sourcecode.swift; path = Extensions.swift; sourceTree = "<group>"; };
/* End PBXFileReference section */

/* Begin PBXFrameworksBuildPhase section */
		60185CCE270312A3007BE0A0 /* Frameworks */ = {
			isa = PBXFrameworksBuildPhase;
			buildActionMask = 2147483647;
			files = (
				EF1BA974D74427FA8FF07A13 /* Pods_CovidTracker.framework in Frameworks */,
			);
			runOnlyForDeploymentPostprocessing = 0;
		};
/* End PBXFrameworksBuildPhase section */

/* Begin PBXGroup section */
		1998C2F6427DED8152CC8207 /* Frameworks */ = {
			isa = PBXGroup;
			children = (
				05EF24DC7AD74BBB33C28637 /* Pods_CovidTracker.framework */,
			);
			name = Frameworks;
			sourceTree = "<group>";
		};
		1D2F4D58E7A838D3F4387C92 /* Pods */ = {
			isa = PBXGroup;
			children = (
				535996D530102961BD58A64F /* Pods-CovidTracker.debug.xcconfig */,
				2E6E783B680F5122E1FC2FAE /* Pods-CovidTracker.release.xcconfig */,
			);
			path = Pods;
			sourceTree = "<group>";
		};
		60185CC8270312A3007BE0A0 = {
			isa = PBXGroup;
			children = (
				60185CD3270312A3007BE0A0 /* CovidTracker */,
				60185CD2270312A3007BE0A0 /* Products */,
				1D2F4D58E7A838D3F4387C92 /* Pods */,
				1998C2F6427DED8152CC8207 /* Frameworks */,
			);
			sourceTree = "<group>";
		};
		60185CD2270312A3007BE0A0 /* Products */ = {
			isa = PBXGroup;
			children = (
				60185CD1270312A3007BE0A0 /* CovidTracker.app */,
			);
			name = Products;
			sourceTree = "<group>";
		};
		60185CD3270312A3007BE0A0 /* CovidTracker */ = {
			isa = PBXGroup;
			children = (
				60185CF027044782007BE0A0 /* Extensions */,
				60185CEB270443EE007BE0A0 /* Views */,
				60185CE8270443CF007BE0A0 /* Services */,
				60185CE7270443CA007BE0A0 /* Model */,
				60185CD4270312A3007BE0A0 /* CovidTrackerApp.swift */,
				60185CD8270312B2007BE0A0 /* Assets.xcassets */,
				60185CDD270312B2007BE0A0 /* Info.plist */,
				60185CDA270312B2007BE0A0 /* Preview Content */,
			);
			path = CovidTracker;
			sourceTree = "<group>";
		};
		60185CDA270312B2007BE0A0 /* Preview Content */ = {
			isa = PBXGroup;
			children = (
				60185CDB270312B2007BE0A0 /* Preview Assets.xcassets */,
			);
			path = "Preview Content";
			sourceTree = "<group>";
		};
		60185CE7270443CA007BE0A0 /* Model */ = {
			isa = PBXGroup;
			children = (
				60185CE527033CA3007BE0A0 /* Model.swift */,
			);
			path = Model;
			sourceTree = "<group>";
		};
		60185CE8270443CF007BE0A0 /* Services */ = {
			isa = PBXGroup;
			children = (
				60185CE327033ADC007BE0A0 /* CovidAPIService.swift */,
			);
			path = Services;
			sourceTree = "<group>";
		};
		60185CEB270443EE007BE0A0 /* Views */ = {
			isa = PBXGroup;
			children = (
				60185CD6270312A3007BE0A0 /* ContentView.swift */,
				60185CE9270443EA007BE0A0 /* RecentView.swift */,
				60185CEC27044541007BE0A0 /* ListHeaderView.swift */,
				60185CEE270446E4007BE0A0 /* CountryDataRowView.swift */,
			);
			path = Views;
			sourceTree = "<group>";
		};
		60185CF027044782007BE0A0 /* Extensions */ = {
			isa = PBXGroup;
			children = (
				60185CF12704478A007BE0A0 /* Extensions.swift */,
			);
			path = Extensions;
			sourceTree = "<group>";
		};
/* End PBXGroup section */

/* Begin PBXNativeTarget section */
		60185CD0270312A3007BE0A0 /* CovidTracker */ = {
			isa = PBXNativeTarget;
			buildConfigurationList = 60185CE0270312B2007BE0A0 /* Build configuration list for PBXNativeTarget "CovidTracker" */;
			buildPhases = (
				9FB586BC59281A88A352E6E6 /* [CP] Check Pods Manifest.lock */,
				60185CCD270312A3007BE0A0 /* Sources */,
				60185CCE270312A3007BE0A0 /* Frameworks */,
				60185CCF270312A3007BE0A0 /* Resources */,
				958034A68AC5ACC21076158F /* [CP] Embed Pods Frameworks */,
			);
			buildRules = (
			);
			dependencies = (
			);
			name = CovidTracker;
			productName = CovidTracker;
			productReference = 60185CD1270312A3007BE0A0 /* CovidTracker.app */;
			productType = "com.apple.product-type.application";
		};
/* End PBXNativeTarget section */

/* Begin PBXProject section */
		60185CC9270312A3007BE0A0 /* Project object */ = {
			isa = PBXProject;
			attributes = {
				LastSwiftUpdateCheck = 1250;
				LastUpgradeCheck = 1250;
				TargetAttributes = {
					60185CD0270312A3007BE0A0 = {
						CreatedOnToolsVersion = 12.5.1;
					};
				};
			};
			buildConfigurationList = 60185CCC270312A3007BE0A0 /* Build configuration list for PBXProject "CovidTracker" */;
			compatibilityVersion = "Xcode 9.3";
			developmentRegion = en;
			hasScannedForEncodings = 0;
			knownRegions = (
				en,
				Base,
			);
			mainGroup = 60185CC8270312A3007BE0A0;
			productRefGroup = 60185CD2270312A3007BE0A0 /* Products */;
			projectDirPath = "";
			projectRoot = "";
			targets = (
				60185CD0270312A3007BE0A0 /* CovidTracker */,
			);
		};
/* End PBXProject section */

/* Begin PBXResourcesBuildPhase section */
		60185CCF270312A3007BE0A0 /* Resources */ = {
			isa = PBXResourcesBuildPhase;
			buildActionMask = 2147483647;
			files = (
				60185CDC270312B2007BE0A0 /* Preview Assets.xcassets in Resources */,
				60185CD9270312B2007BE0A0 /* Assets.xcassets in Resources */,
			);
			runOnlyForDeploymentPostprocessing = 0;
		};
/* End PBXResourcesBuildPhase section */

/* Begin PBXShellScriptBuildPhase section */
		958034A68AC5ACC21076158F /* [CP] Embed Pods Frameworks */ = {
			isa = PBXShellScriptBuildPhase;
			buildActionMask = 2147483647;
			files = (
			);
			inputFileListPaths = (
				"${PODS_ROOT}/Target Support Files/Pods-CovidTracker/Pods-CovidTracker-frameworks-${CONFIGURATION}-input-files.xcfilelist",
			);
			name = "[CP] Embed Pods Frameworks";
			outputFileListPaths = (
				"${PODS_ROOT}/Target Support Files/Pods-CovidTracker/Pods-CovidTracker-frameworks-${CONFIGURATION}-output-files.xcfilelist",
			);
			runOnlyForDeploymentPostprocessing = 0;
			shellPath = /bin/sh;
			shellScript = "\"${PODS_ROOT}/Target Support Files/Pods-CovidTracker/Pods-CovidTracker-frameworks.sh\"\n";
			showEnvVarsInLog = 0;
		};
		9FB586BC59281A88A352E6E6 /* [CP] Check Pods Manifest.lock */ = {
			isa = PBXShellScriptBuildPhase;
			buildActionMask = 2147483647;
			files = (
			);
			inputFileListPaths = (
			);
			inputPaths = (
				"${PODS_PODFILE_DIR_PATH}/Podfile.lock",
				"${PODS_ROOT}/Manifest.lock",
			);
			name = "[CP] Check Pods Manifest.lock";
			outputFileListPaths = (
			);
			outputPaths = (
				"$(DERIVED_FILE_DIR)/Pods-CovidTracker-checkManifestLockResult.txt",
			);
			runOnlyForDeploymentPostprocessing = 0;
			shellPath = /bin/sh;
			shellScript = "diff \"${PODS_PODFILE_DIR_PATH}/Podfile.lock\" \"${PODS_ROOT}/Manifest.lock\" > /dev/null\nif [ $? != 0 ] ; then\n    # print error to STDERR\n    echo \"error: The sandbox is not in sync with the Podfile.lock. Run 'pod install' or update your CocoaPods installation.\" >&2\n    exit 1\nfi\n# This output is used by Xcode 'outputs' to avoid re-running this script phase.\necho \"SUCCESS\" > \"${SCRIPT_OUTPUT_FILE_0}\"\n";
			showEnvVarsInLog = 0;
		};
/* End PBXShellScriptBuildPhase section */

/* Begin PBXSourcesBuildPhase section */
		60185CCD270312A3007BE0A0 /* Sources */ = {
			isa = PBXSourcesBuildPhase;
			buildActionMask = 2147483647;
			files = (
				60185CD7270312A3007BE0A0 /* ContentView.swift in Sources */,
				60185CD5270312A3007BE0A0 /* CovidTrackerApp.swift in Sources */,
				60185CE427033ADC007BE0A0 /* CovidAPIService.swift in Sources */,
				60185CF22704478A007BE0A0 /* Extensions.swift in Sources */,
				60185CEA270443EA007BE0A0 /* RecentView.swift in Sources */,
				60185CE627033CA3007BE0A0 /* Model.swift in Sources */,
				60185CED27044541007BE0A0 /* ListHeaderView.swift in Sources */,
				60185CEF270446E4007BE0A0 /* CountryDataRowView.swift in Sources */,
			);
			runOnlyForDeploymentPostprocessing = 0;
		};
/* End PBXSourcesBuildPhase section */

/* Begin XCBuildConfiguration section */
		60185CDE270312B2007BE0A0 /* Debug */ = {
			isa = XCBuildConfiguration;
			buildSettings = {
				ALWAYS_SEARCH_USER_PATHS = NO;
				CLANG_ANALYZER_NONNULL = YES;
				CLANG_ANALYZER_NUMBER_OBJECT_CONVERSION = YES_AGGRESSIVE;
				CLANG_CXX_LANGUAGE_STANDARD = "gnu++14";
				CLANG_CXX_LIBRARY = "libc++";
				CLANG_ENABLE_MODULES = YES;
				CLANG_ENABLE_OBJC_ARC = YES;
				CLANG_ENABLE_OBJC_WEAK = YES;
				CLANG_WARN_BLOCK_CAPTURE_AUTORELEASING = YES;
				CLANG_WARN_BOOL_CONVERSION = YES;
				CLANG_WARN_COMMA = YES;
				CLANG_WARN_CONSTANT_CONVERSION = YES;
				CLANG_WARN_DEPRECATED_OBJC_IMPLEMENTATIONS = YES;
				CLANG_WARN_DIRECT_OBJC_ISA_USAGE = YES_ERROR;
				CLANG_WARN_DOCUMENTATION_COMMENTS = YES;
				CLANG_WARN_EMPTY_BODY = YES;
				CLANG_WARN_ENUM_CONVERSION = YES;
				CLANG_WARN_INFINITE_RECURSION = YES;
				CLANG_WARN_INT_CONVERSION = YES;
				CLANG_WARN_NON_LITERAL_NULL_CONVERSION = YES;
				CLANG_WARN_OBJC_IMPLICIT_RETAIN_SELF = YES;
				CLANG_WARN_OBJC_LITERAL_CONVERSION = YES;
				CLANG_WARN_OBJC_ROOT_CLASS = YES_ERROR;
				CLANG_WARN_QUOTED_INCLUDE_IN_FRAMEWORK_HEADER = YES;
				CLANG_WARN_RANGE_LOOP_ANALYSIS = YES;
				CLANG_WARN_STRICT_PROTOTYPES = YES;
				CLANG_WARN_SUSPICIOUS_MOVE = YES;
				CLANG_WARN_UNGUARDED_AVAILABILITY = YES_AGGRESSIVE;
				CLANG_WARN_UNREACHABLE_CODE = YES;
				CLANG_WARN__DUPLICATE_METHOD_MATCH = YES;
				COPY_PHASE_STRIP = NO;
				DEBUG_INFORMATION_FORMAT = dwarf;
				ENABLE_STRICT_OBJC_MSGSEND = YES;
				ENABLE_TESTABILITY = YES;
				GCC_C_LANGUAGE_STANDARD = gnu11;
				GCC_DYNAMIC_NO_PIC = NO;
				GCC_NO_COMMON_BLOCKS = YES;
				GCC_OPTIMIZATION_LEVEL = 0;
				GCC_PREPROCESSOR_DEFINITIONS = (
					"DEBUG=1",
					"$(inherited)",
				);
				GCC_WARN_64_TO_32_BIT_CONVERSION = YES;
				GCC_WARN_ABOUT_RETURN_TYPE = YES_ERROR;
				GCC_WARN_UNDECLARED_SELECTOR = YES;
				GCC_WARN_UNINITIALIZED_AUTOS = YES_AGGRESSIVE;
				GCC_WARN_UNUSED_FUNCTION = YES;
				GCC_WARN_UNUSED_VARIABLE = YES;
				IPHONEOS_DEPLOYMENT_TARGET = 14.5;
				MTL_ENABLE_DEBUG_INFO = INCLUDE_SOURCE;
				MTL_FAST_MATH = YES;
				ONLY_ACTIVE_ARCH = YES;
				SDKROOT = iphoneos;
				SWIFT_ACTIVE_COMPILATION_CONDITIONS = DEBUG;
				SWIFT_OPTIMIZATION_LEVEL = "-Onone";
			};
			name = Debug;
		};
		60185CDF270312B2007BE0A0 /* Release */ = {
			isa = XCBuildConfiguration;
			buildSettings = {
				ALWAYS_SEARCH_USER_PATHS = NO;
				CLANG_ANALYZER_NONNULL = YES;
				CLANG_ANALYZER_NUMBER_OBJECT_CONVERSION = YES_AGGRESSIVE;
				CLANG_CXX_LANGUAGE_STANDARD = "gnu++14";
				CLANG_CXX_LIBRARY = "libc++";
				CLANG_ENABLE_MODULES = YES;
				CLANG_ENABLE_OBJC_ARC = YES;
				CLANG_ENABLE_OBJC_WEAK = YES;
				CLANG_WARN_BLOCK_CAPTURE_AUTORELEASING = YES;
				CLANG_WARN_BOOL_CONVERSION = YES;
				CLANG_WARN_COMMA = YES;
				CLANG_WARN_CONSTANT_CONVERSION = YES;
				CLANG_WARN_DEPRECATED_OBJC_IMPLEMENTATIONS = YES;
				CLANG_WARN_DIRECT_OBJC_ISA_USAGE = YES_ERROR;
				CLANG_WARN_DOCUMENTATION_COMMENTS = YES;
				CLANG_WARN_EMPTY_BODY = YES;
				CLANG_WARN_ENUM_CONVERSION = YES;
				CLANG_WARN_INFINITE_RECURSION = YES;
				CLANG_WARN_INT_CONVERSION = YES;
				CLANG_WARN_NON_LITERAL_NULL_CONVERSION = YES;
				CLANG_WARN_OBJC_IMPLICIT_RETAIN_SELF = YES;
				CLANG_WARN_OBJC_LITERAL_CONVERSION = YES;
				CLANG_WARN_OBJC_ROOT_CLASS = YES_ERROR;
				CLANG_WARN_QUOTED_INCLUDE_IN_FRAMEWORK_HEADER = YES;
				CLANG_WARN_RANGE_LOOP_ANALYSIS = YES;
				CLANG_WARN_STRICT_PROTOTYPES = YES;
				CLANG_WARN_SUSPICIOUS_MOVE = YES;
				CLANG_WARN_UNGUARDED_AVAILABILITY = YES_AGGRESSIVE;
				CLANG_WARN_UNREACHABLE_CODE = YES;
				CLANG_WARN__DUPLICATE_METHOD_MATCH = YES;
				COPY_PHASE_STRIP = NO;
				DEBUG_INFORMATION_FORMAT = "dwarf-with-dsym";
				ENABLE_NS_ASSERTIONS = NO;
				ENABLE_STRICT_OBJC_MSGSEND = YES;
				GCC_C_LANGUAGE_STANDARD = gnu11;
				GCC_NO_COMMON_BLOCKS = YES;
				GCC_WARN_64_TO_32_BIT_CONVERSION = YES;
				GCC_WARN_ABOUT_RETURN_TYPE = YES_ERROR;
				GCC_WARN_UNDECLARED_SELECTOR = YES;
				GCC_WARN_UNINITIALIZED_AUTOS = YES_AGGRESSIVE;
				GCC_WARN_UNUSED_FUNCTION = YES;
				GCC_WARN_UNUSED_VARIABLE = YES;
				IPHONEOS_DEPLOYMENT_TARGET = 14.5;
				MTL_ENABLE_DEBUG_INFO = NO;
				MTL_FAST_MATH = YES;
				SDKROOT = iphoneos;
				SWIFT_COMPILATION_MODE = wholemodule;
				SWIFT_OPTIMIZATION_LEVEL = "-O";
				VALIDATE_PRODUCT = YES;
			};
			name = Release;
		};
		60185CE1270312B2007BE0A0 /* Debug */ = {
			isa = XCBuildConfiguration;
			baseConfigurationReference = 535996D530102961BD58A64F /* Pods-CovidTracker.debug.xcconfig */;
			buildSettings = {
				ASSETCATALOG_COMPILER_APPICON_NAME = AppIcon;
				ASSETCATALOG_COMPILER_GLOBAL_ACCENT_COLOR_NAME = AccentColor;
				CODE_SIGN_STYLE = Automatic;
				DEVELOPMENT_ASSET_PATHS = "\"CovidTracker/Preview Content\"";
				DEVELOPMENT_TEAM = USHAX9R325;
				ENABLE_PREVIEWS = YES;
				INFOPLIST_FILE = CovidTracker/Info.plist;
				IPHONEOS_DEPLOYMENT_TARGET = 14.0;
				LD_RUNPATH_SEARCH_PATHS = (
					"$(inherited)",
					"@executable_path/Frameworks",
				);
				PRODUCT_BUNDLE_IDENTIFIER = com.ScottClampet.CovidTracker;
				PRODUCT_NAME = "$(TARGET_NAME)";
				SWIFT_VERSION = 5.0;
				TARGETED_DEVICE_FAMILY = "1,2";
			};
			name = Debug;
		};
		60185CE2270312B2007BE0A0 /* Release */ = {
			isa = XCBuildConfiguration;
			baseConfigurationReference = 2E6E783B680F5122E1FC2FAE /* Pods-CovidTracker.release.xcconfig */;
			buildSettings = {
				ASSETCATALOG_COMPILER_APPICON_NAME = AppIcon;
				ASSETCATALOG_COMPILER_GLOBAL_ACCENT_COLOR_NAME = AccentColor;
				CODE_SIGN_STYLE = Automatic;
				DEVELOPMENT_ASSET_PATHS = "\"CovidTracker/Preview Content\"";
				DEVELOPMENT_TEAM = USHAX9R325;
				ENABLE_PREVIEWS = YES;
				INFOPLIST_FILE = CovidTracker/Info.plist;
				IPHONEOS_DEPLOYMENT_TARGET = 14.0;
				LD_RUNPATH_SEARCH_PATHS = (
					"$(inherited)",
					"@executable_path/Frameworks",
				);
				PRODUCT_BUNDLE_IDENTIFIER = com.ScottClampet.CovidTracker;
				PRODUCT_NAME = "$(TARGET_NAME)";
				SWIFT_VERSION = 5.0;
				TARGETED_DEVICE_FAMILY = "1,2";
			};
			name = Release;
		};
/* End XCBuildConfiguration section */

/* Begin XCConfigurationList section */
		60185CCC270312A3007BE0A0 /* Build configuration list for PBXProject "CovidTracker" */ = {
			isa = XCConfigurationList;
			buildConfigurations = (
				60185CDE270312B2007BE0A0 /* Debug */,
				60185CDF270312B2007BE0A0 /* Release */,
			);
			defaultConfigurationIsVisible = 0;
			defaultConfigurationName = Release;
		};
		60185CE0270312B2007BE0A0 /* Build configuration list for PBXNativeTarget "CovidTracker" */ = {
			isa = XCConfigurationList;
			buildConfigurations = (
				60185CE1270312B2007BE0A0 /* Debug */,
				60185CE2270312B2007BE0A0 /* Release */,
			);
			defaultConfigurationIsVisible = 0;
			defaultConfigurationName = Release;
		};
/* End XCConfigurationList section */
	};
	rootObject = 60185CC9270312A3007BE0A0 /* Project object */;
}
